
Microsoft Visual Studio Solution File, Format Version 12.00
# Visual Studio 15
VisualStudioVersion = 15.0.27130.2036
MinimumVisualStudioVersion = 10.0.40219.1
Project("{FAE04EC0-301F-11D3-BF4B-00C04F79EFBC}") = "MoreDataBinding.Android", "MoreDataBinding\MoreDataBinding.Android\MoreDataBinding.Android.csproj", "{DD7B0C09-E390-4823-88BC-E3E619001BDE}"
EndProject
Project("{FAE04EC0-301F-11D3-BF4B-00C04F79EFBC}") = "MoreDataBinding.iOS", "MoreDataBinding\MoreDataBinding.iOS\MoreDataBinding.iOS.csproj", "{A725D8AD-12E3-44F8-98E5-6B13813D1229}"
EndProject
Project("{FAE04EC0-301F-11D3-BF4B-00C04F79EFBC}") = "MoreDataBinding.UWP", "MoreDataBinding\MoreDataBinding.UWP\MoreDataBinding.UWP.csproj", "{E75AC9BA-5B70-4B98-B115-1DE9A2B2F3C4}"
EndProject
Project("{FAE04EC0-301F-11D3-BF4B-00C04F79EFBC}") = "MoreDataBinding", "MoreDataBinding\MoreDataBinding\MoreDataBinding.csproj", "{6179E276-1E86-4E22-B7EF-58B218D51A21}"
EndProject
Global
	GlobalSection(SolutionConfigurationPlatforms) = preSolution
		Ad-Hoc|Any CPU = Ad-Hoc|Any CPU
		Ad-Hoc|ARM = Ad-Hoc|ARM
		Ad-Hoc|iPhone = Ad-Hoc|iPhone
		Ad-Hoc|iPhoneSimulator = Ad-Hoc|iPhoneSimulator
		Ad-Hoc|x64 = Ad-Hoc|x64
		Ad-Hoc|x86 = Ad-Hoc|x86
		AppStore|Any CPU = AppStore|Any CPU
		AppStore|ARM = AppStore|ARM
		AppStore|iPhone = AppStore|iPhone
		AppStore|iPhoneSimulator = AppStore|iPhoneSimulator
		AppStore|x64 = AppStore|x64
		AppStore|x86 = AppStore|x86
		Debug|Any CPU = Debug|Any CPU
		Debug|ARM = Debug|ARM
		Debug|iPhone = Debug|iPhone
		Debug|iPhoneSimulator = Debug|iPhoneSimulator
		Debug|x64 = Debug|x64
		Debug|x86 = Debug|x86
		Release|Any CPU = Release|Any CPU
		Release|ARM = Release|ARM
		Release|iPhone = Release|iPhone
		Release|iPhoneSimulator = Release|iPhoneSimulator
		Release|x64 = Release|x64
		Release|x86 = Release|x86
	EndGlobalSection
	GlobalSection(ProjectConfigurationPlatforms) = postSolution
		{DD7B0C09-E390-4823-88BC-E3E619001BDE}.Ad-Hoc|Any CPU.ActiveCfg = Release|Any CPU
		{DD7B0C09-E390-4823-88BC-E3E619001BDE}.Ad-Hoc|Any CPU.Build.0 = Release|Any CPU
		{DD7B0C09-E390-4823-88BC-E3E619001BDE}.Ad-Hoc|Any CPU.Deploy.0 = Release|Any CPU
		{DD7B0C09-E390-4823-88BC-E3E619001BDE}.Ad-Hoc|ARM.ActiveCfg = Release|Any CPU
		{DD7B0C09-E390-4823-88BC-E3E619001BDE}.Ad-Hoc|ARM.Build.0 = Release|Any CPU
		{DD7B0C09-E390-4823-88BC-E3E619001BDE}.Ad-Hoc|ARM.Deploy.0 = Release|Any CPU
		{DD7B0C09-E390-4823-88BC-E3E619001BDE}.Ad-Hoc|iPhone.ActiveCfg = Release|Any CPU
		{DD7B0C09-E390-4823-88BC-E3E619001BDE}.Ad-Hoc|iPhone.Build.0 = Release|Any CPU
		{DD7B0C09-E390-4823-88BC-E3E619001BDE}.Ad-Hoc|iPhone.Deploy.0 = Release|Any CPU
		{DD7B0C09-E390-4823-88BC-E3E619001BDE}.Ad-Hoc|iPhoneSimulator.ActiveCfg = Release|Any CPU
		{DD7B0C09-E390-4823-88BC-E3E619001BDE}.Ad-Hoc|iPhoneSimulator.Build.0 = Release|Any CPU
		{DD7B0C09-E390-4823-88BC-E3E619001BDE}.Ad-Hoc|iPhoneSimulator.Deploy.0 = Release|Any CPU
		{DD7B0C09-E390-4823-88BC-E3E619001BDE}.Ad-Hoc|x64.ActiveCfg = Release|Any CPU
		{DD7B0C09-E390-4823-88BC-E3E619001BDE}.Ad-Hoc|x64.Build.0 = Release|Any CPU
		{DD7B0C09-E390-4823-88BC-E3E619001BDE}.Ad-Hoc|x64.Deploy.0 = Release|Any CPU
		{DD7B0C09-E390-4823-88BC-E3E619001BDE}.Ad-Hoc|x86.ActiveCfg = Release|Any CPU
		{DD7B0C09-E390-4823-88BC-E3E619001BDE}.Ad-Hoc|x86.Build.0 = Release|Any CPU
		{DD7B0C09-E390-4823-88BC-E3E619001BDE}.Ad-Hoc|x86.Deploy.0 = Release|Any CPU
		{DD7B0C09-E390-4823-88BC-E3E619001BDE}.AppStore|Any CPU.ActiveCfg = Release|Any CPU
		{DD7B0C09-E390-4823-88BC-E3E619001BDE}.AppStore|Any CPU.Build.0 = Release|Any CPU
		{DD7B0C09-E390-4823-88BC-E3E619001BDE}.AppStore|Any CPU.Deploy.0 = Release|Any CPU
		{DD7B0C09-E390-4823-88BC-E3E619001BDE}.AppStore|ARM.ActiveCfg = Release|Any CPU
		{DD7B0C09-E390-4823-88BC-E3E619001BDE}.AppStore|ARM.Build.0 = Release|Any CPU
		{DD7B0C09-E390-4823-88BC-E3E619001BDE}.AppStore|ARM.Deploy.0 = Release|Any CPU
		{DD7B0C09-E390-4823-88BC-E3E619001BDE}.AppStore|iPhone.ActiveCfg = Release|Any CPU
		{DD7B0C09-E390-4823-88BC-E3E619001BDE}.AppStore|iPhone.Build.0 = Release|Any CPU
		{DD7B0C09-E390-4823-88BC-E3E619001BDE}.AppStore|iPhone.Deploy.0 = Release|Any CPU
		{DD7B0C09-E390-4823-88BC-E3E619001BDE}.AppStore|iPhoneSimulator.ActiveCfg = Release|Any CPU
		{DD7B0C09-E390-4823-88BC-E3E619001BDE}.AppStore|iPhoneSimulator.Build.0 = Release|Any CPU
		{DD7B0C09-E390-4823-88BC-E3E619001BDE}.AppStore|iPhoneSimulator.Deploy.0 = Release|Any CPU
		{DD7B0C09-E390-4823-88BC-E3E619001BDE}.AppStore|x64.ActiveCfg = Release|Any CPU
		{DD7B0C09-E390-4823-88BC-E3E619001BDE}.AppStore|x64.Build.0 = Release|Any CPU
		{DD7B0C09-E390-4823-88BC-E3E619001BDE}.AppStore|x64.Deploy.0 = Release|Any CPU
		{DD7B0C09-E390-4823-88BC-E3E619001BDE}.AppStore|x86.ActiveCfg = Release|Any CPU
		{DD7B0C09-E390-4823-88BC-E3E619001BDE}.AppStore|x86.Build.0 = Release|Any CPU
		{DD7B0C09-E390-4823-88BC-E3E619001BDE}.AppStore|x86.Deploy.0 = Release|Any CPU
		{DD7B0C09-E390-4823-88BC-E3E619001BDE}.Debug|Any CPU.ActiveCfg = Debug|Any CPU
		{DD7B0C09-E390-4823-88BC-E3E619001BDE}.Debug|Any CPU.Build.0 = Debug|Any CPU
		{DD7B0C09-E390-4823-88BC-E3E619001BDE}.Debug|Any CPU.Deploy.0 = Debug|Any CPU
		{DD7B0C09-E390-4823-88BC-E3E619001BDE}.Debug|ARM.ActiveCfg = Debug|Any CPU
		{DD7B0C09-E390-4823-88BC-E3E619001BDE}.Debug|ARM.Build.0 = Debug|Any CPU
		{DD7B0C09-E390-4823-88BC-E3E619001BDE}.Debug|ARM.Deploy.0 = Debug|Any CPU
		{DD7B0C09-E390-4823-88BC-E3E619001BDE}.Debug|iPhone.ActiveCfg = Debug|Any CPU
		{DD7B0C09-E390-4823-88BC-E3E619001BDE}.Debug|iPhone.Build.0 = Debug|Any CPU
		{DD7B0C09-E390-4823-88BC-E3E619001BDE}.Debug|iPhone.Deploy.0 = Debug|Any CPU
		{DD7B0C09-E390-4823-88BC-E3E619001BDE}.Debug|iPhoneSimulator.ActiveCfg = Debug|Any CPU
		{DD7B0C09-E390-4823-88BC-E3E619001BDE}.Debug|iPhoneSimulator.Build.0 = Debug|Any CPU
		{DD7B0C09-E390-4823-88BC-E3E619001BDE}.Debug|iPhoneSimulator.Deploy.0 = Debug|Any CPU
		{DD7B0C09-E390-4823-88BC-E3E619001BDE}.Debug|x64.ActiveCfg = Debug|Any CPU
		{DD7B0C09-E390-4823-88BC-E3E619001BDE}.Debug|x64.Build.0 = Debug|Any CPU
		{DD7B0C09-E390-4823-88BC-E3E619001BDE}.Debug|x64.Deploy.0 = Debug|Any CPU
		{DD7B0C09-E390-4823-88BC-E3E619001BDE}.Debug|x86.ActiveCfg = Debug|Any CPU
		{DD7B0C09-E390-4823-88BC-E3E619001BDE}.Debug|x86.Build.0 = Debug|Any CPU
		{DD7B0C09-E390-4823-88BC-E3E619001BDE}.Debug|x86.Deploy.0 = Debug|Any CPU
		{DD7B0C09-E390-4823-88BC-E3E619001BDE}.Release|Any CPU.ActiveCfg = Release|Any CPU
		{DD7B0C09-E390-4823-88BC-E3E619001BDE}.Release|Any CPU.Build.0 = Release|Any CPU
		{DD7B0C09-E390-4823-88BC-E3E619001BDE}.Release|Any CPU.Deploy.0 = Release|Any CPU
		{DD7B0C09-E390-4823-88BC-E3E619001BDE}.Release|ARM.ActiveCfg = Release|Any CPU
		{DD7B0C09-E390-4823-88BC-E3E619001BDE}.Release|ARM.Build.0 = Release|Any CPU
		{DD7B0C09-E390-4823-88BC-E3E619001BDE}.Release|ARM.Deploy.0 = Release|Any CPU
		{DD7B0C09-E390-4823-88BC-E3E619001BDE}.Release|iPhone.ActiveCfg = Release|Any CPU
		{DD7B0C09-E390-4823-88BC-E3E619001BDE}.Release|iPhone.Build.0 = Release|Any CPU
		{DD7B0C09-E390-4823-88BC-E3E619001BDE}.Release|iPhone.Deploy.0 = Release|Any CPU
		{DD7B0C09-E390-4823-88BC-E3E619001BDE}.Release|iPhoneSimulator.ActiveCfg = Release|Any CPU
		{DD7B0C09-E390-4823-88BC-E3E619001BDE}.Release|iPhoneSimulator.Build.0 = Release|Any CPU
		{DD7B0C09-E390-4823-88BC-E3E619001BDE}.Release|iPhoneSimulator.Deploy.0 = Release|Any CPU
		{DD7B0C09-E390-4823-88BC-E3E619001BDE}.Release|x64.ActiveCfg = Release|Any CPU
		{DD7B0C09-E390-4823-88BC-E3E619001BDE}.Release|x64.Build.0 = Release|Any CPU
		{DD7B0C09-E390-4823-88BC-E3E619001BDE}.Release|x64.Deploy.0 = Release|Any CPU
		{DD7B0C09-E390-4823-88BC-E3E619001BDE}.Release|x86.ActiveCfg = Release|Any CPU
		{DD7B0C09-E390-4823-88BC-E3E619001BDE}.Release|x86.Build.0 = Release|Any CPU
		{DD7B0C09-E390-4823-88BC-E3E619001BDE}.Release|x86.Deploy.0 = Release|Any CPU
		{A725D8AD-12E3-44F8-98E5-6B13813D1229}.Ad-Hoc|Any CPU.ActiveCfg = Ad-Hoc|iPhone
		{A725D8AD-12E3-44F8-98E5-6B13813D1229}.Ad-Hoc|ARM.ActiveCfg = Ad-Hoc|iPhone
		{A725D8AD-12E3-44F8-98E5-6B13813D1229}.Ad-Hoc|iPhone.ActiveCfg = Ad-Hoc|iPhone
		{A725D8AD-12E3-44F8-98E5-6B13813D1229}.Ad-Hoc|iPhone.Build.0 = Ad-Hoc|iPhone
		{A725D8AD-12E3-44F8-98E5-6B13813D1229}.Ad-Hoc|iPhoneSimulator.ActiveCfg = Ad-Hoc|iPhoneSimulator
		{A725D8AD-12E3-44F8-98E5-6B13813D1229}.Ad-Hoc|iPhoneSimulator.Build.0 = Ad-Hoc|iPhoneSimulator
		{A725D8AD-12E3-44F8-98E5-6B13813D1229}.Ad-Hoc|x64.ActiveCfg = Ad-Hoc|iPhone
		{A725D8AD-12E3-44F8-98E5-6B13813D1229}.Ad-Hoc|x86.ActiveCfg = Ad-Hoc|iPhone
		{A725D8AD-12E3-44F8-98E5-6B13813D1229}.AppStore|Any CPU.ActiveCfg = AppStore|iPhone
		{A725D8AD-12E3-44F8-98E5-6B13813D1229}.AppStore|ARM.ActiveCfg = AppStore|iPhone
		{A725D8AD-12E3-44F8-98E5-6B13813D1229}.AppStore|iPhone.ActiveCfg = AppStore|iPhone
		{A725D8AD-12E3-44F8-98E5-6B13813D1229}.AppStore|iPhone.Build.0 = AppStore|iPhone
		{A725D8AD-12E3-44F8-98E5-6B13813D1229}.AppStore|iPhoneSimulator.ActiveCfg = AppStore|iPhoneSimulator
		{A725D8AD-12E3-44F8-98E5-6B13813D1229}.AppStore|iPhoneSimulator.Build.0 = AppStore|iPhoneSimulator
		{A725D8AD-12E3-44F8-98E5-6B13813D1229}.AppStore|x64.ActiveCfg = AppStore|iPhone
		{A725D8AD-12E3-44F8-98E5-6B13813D1229}.AppStore|x86.ActiveCfg = AppStore|iPhone
		{A725D8AD-12E3-44F8-98E5-6B13813D1229}.Debug|Any CPU.ActiveCfg = Debug|iPhone
		{A725D8AD-12E3-44F8-98E5-6B13813D1229}.Debug|ARM.ActiveCfg = Debug|iPhone
		{A725D8AD-12E3-44F8-98E5-6B13813D1229}.Debug|iPhone.ActiveCfg = Debug|iPhone
		{A725D8AD-12E3-44F8-98E5-6B13813D1229}.Debug|iPhone.Build.0 = Debug|iPhone
		{A725D8AD-12E3-44F8-98E5-6B13813D1229}.Debug|iPhoneSimulator.ActiveCfg = Debug|iPhoneSimulator
		{A725D8AD-12E3-44F8-98E5-6B13813D1229}.Debug|iPhoneSimulator.Build.0 = Debug|iPhoneSimulator
		{A725D8AD-12E3-44F8-98E5-6B13813D1229}.Debug|x64.ActiveCfg = Debug|iPhone
		{A725D8AD-12E3-44F8-98E5-6B13813D1229}.Debug|x86.ActiveCfg = Debug|iPhone
		{A725D8AD-12E3-44F8-98E5-6B13813D1229}.Release|Any CPU.ActiveCfg = Release|iPhone
		{A725D8AD-12E3-44F8-98E5-6B13813D1229}.Release|ARM.ActiveCfg = Release|iPhone
		{A725D8AD-12E3-44F8-98E5-6B13813D1229}.Release|iPhone.ActiveCfg = Release|iPhone
		{A725D8AD-12E3-44F8-98E5-6B13813D1229}.Release|iPhone.Build.0 = Release|iPhone
		{A725D8AD-12E3-44F8-98E5-6B13813D1229}.Release|iPhoneSimulator.ActiveCfg = Release|iPhoneSimulator
		{A725D8AD-12E3-44F8-98E5-6B13813D1229}.Release|iPhoneSimulator.Build.0 = Release|iPhoneSimulator
		{A725D8AD-12E3-44F8-98E5-6B13813D1229}.Release|x64.ActiveCfg = Release|iPhone
		{A725D8AD-12E3-44F8-98E5-6B13813D1229}.Release|x86.ActiveCfg = Release|iPhone
		{E75AC9BA-5B70-4B98-B115-1DE9A2B2F3C4}.Ad-Hoc|Any CPU.ActiveCfg = Release|x86
		{E75AC9BA-5B70-4B98-B115-1DE9A2B2F3C4}.Ad-Hoc|Any CPU.Build.0 = Release|x86
		{E75AC9BA-5B70-4B98-B115-1DE9A2B2F3C4}.Ad-Hoc|Any CPU.Deploy.0 = Release|x86
		{E75AC9BA-5B70-4B98-B115-1DE9A2B2F3C4}.Ad-Hoc|ARM.ActiveCfg = Release|ARM
		{E75AC9BA-5B70-4B98-B115-1DE9A2B2F3C4}.Ad-Hoc|ARM.Build.0 = Release|ARM
		{E75AC9BA-5B70-4B98-B115-1DE9A2B2F3C4}.Ad-Hoc|ARM.Deploy.0 = Release|ARM
		{E75AC9BA-5B70-4B98-B115-1DE9A2B2F3C4}.Ad-Hoc|iPhone.ActiveCfg = Release|x86
		{E75AC9BA-5B70-4B98-B115-1DE9A2B2F3C4}.Ad-Hoc|iPhone.Build.0 = Release|x86
		{E75AC9BA-5B70-4B98-B115-1DE9A2B2F3C4}.Ad-Hoc|iPhone.Deploy.0 = Release|x86
		{E75AC9BA-5B70-4B98-B115-1DE9A2B2F3C4}.Ad-Hoc|iPhoneSimulator.ActiveCfg = Release|x86
		{E75AC9BA-5B70-4B98-B115-1DE9A2B2F3C4}.Ad-Hoc|iPhoneSimulator.Build.0 = Release|x86
		{E75AC9BA-5B70-4B98-B115-1DE9A2B2F3C4}.Ad-Hoc|iPhoneSimulator.Deploy.0 = Release|x86
		{E75AC9BA-5B70-4B98-B115-1DE9A2B2F3C4}.Ad-Hoc|x64.ActiveCfg = Release|x64
		{E75AC9BA-5B70-4B98-B115-1DE9A2B2F3C4}.Ad-Hoc|x64.Build.0 = Release|x64
		{E75AC9BA-5B70-4B98-B115-1DE9A2B2F3C4}.Ad-Hoc|x64.Deploy.0 = Release|x64
		{E75AC9BA-5B70-4B98-B115-1DE9A2B2F3C4}.Ad-Hoc|x86.ActiveCfg = Release|x86
		{E75AC9BA-5B70-4B98-B115-1DE9A2B2F3C4}.Ad-Hoc|x86.Build.0 = Release|x86
		{E75AC9BA-5B70-4B98-B115-1DE9A2B2F3C4}.Ad-Hoc|x86.Deploy.0 = Release|x86
		{E75AC9BA-5B70-4B98-B115-1DE9A2B2F3C4}.AppStore|Any CPU.ActiveCfg = Release|x86
		{E75AC9BA-5B70-4B98-B115-1DE9A2B2F3C4}.AppStore|Any CPU.Build.0 = Release|x86
		{E75AC9BA-5B70-4B98-B115-1DE9A2B2F3C4}.AppStore|Any CPU.Deploy.0 = Release|x86
		{E75AC9BA-5B70-4B98-B115-1DE9A2B2F3C4}.AppStore|ARM.ActiveCfg = Release|ARM
		{E75AC9BA-5B70-4B98-B115-1DE9A2B2F3C4}.AppStore|ARM.Build.0 = Release|ARM
		{E75AC9BA-5B70-4B98-B115-1DE9A2B2F3C4}.AppStore|ARM.Deploy.0 = Release|ARM
		{E75AC9BA-5B70-4B98-B115-1DE9A2B2F3C4}.AppStore|iPhone.ActiveCfg = Release|x86
		{E75AC9BA-5B70-4B98-B115-1DE9A2B2F3C4}.AppStore|iPhone.Build.0 = Release|x86
		{E75AC9BA-5B70-4B98-B115-1DE9A2B2F3C4}.AppStore|iPhone.Deploy.0 = Release|x86
		{E75AC9BA-5B70-4B98-B115-1DE9A2B2F3C4}.AppStore|iPhoneSimulator.ActiveCfg = Release|x86
		{E75AC9BA-5B70-4B98-B115-1DE9A2B2F3C4}.AppStore|iPhoneSimulator.Build.0 = Release|x86
		{E75AC9BA-5B70-4B98-B115-1DE9A2B2F3C4}.AppStore|iPhoneSimulator.Deploy.0 = Release|x86
		{E75AC9BA-5B70-4B98-B115-1DE9A2B2F3C4}.AppStore|x64.ActiveCfg = Release|x64
		{E75AC9BA-5B70-4B98-B115-1DE9A2B2F3C4}.AppStore|x64.Build.0 = Release|x64
		{E75AC9BA-5B70-4B98-B115-1DE9A2B2F3C4}.AppStore|x64.Deploy.0 = Release|x64
		{E75AC9BA-5B70-4B98-B115-1DE9A2B2F3C4}.AppStore|x86.ActiveCfg = Release|x86
		{E75AC9BA-5B70-4B98-B115-1DE9A2B2F3C4}.AppStore|x86.Build.0 = Release|x86
		{E75AC9BA-5B70-4B98-B115-1DE9A2B2F3C4}.AppStore|x86.Deploy.0 = Release|x86
		{E75AC9BA-5B70-4B98-B115-1DE9A2B2F3C4}.Debug|Any CPU.ActiveCfg = Debug|x86
		{E75AC9BA-5B70-4B98-B115-1DE9A2B2F3C4}.Debug|ARM.ActiveCfg = Debug|ARM
		{E75AC9BA-5B70-4B98-B115-1DE9A2B2F3C4}.Debug|ARM.Build.0 = Debug|ARM
		{E75AC9BA-5B70-4B98-B115-1DE9A2B2F3C4}.Debug|ARM.Deploy.0 = Debug|ARM
		{E75AC9BA-5B70-4B98-B115-1DE9A2B2F3C4}.Debug|iPhone.ActiveCfg = Debug|x86
		{E75AC9BA-5B70-4B98-B115-1DE9A2B2F3C4}.Debug|iPhoneSimulator.ActiveCfg = Debug|x86
		{E75AC9BA-5B70-4B98-B115-1DE9A2B2F3C4}.Debug|x64.ActiveCfg = Debug|x64
		{E75AC9BA-5B70-4B98-B115-1DE9A2B2F3C4}.Debug|x64.Build.0 = Debug|x64
		{E75AC9BA-5B70-4B98-B115-1DE9A2B2F3C4}.Debug|x64.Deploy.0 = Debug|x64
		{E75AC9BA-5B70-4B98-B115-1DE9A2B2F3C4}.Debug|x86.ActiveCfg = Debug|x86
		{E75AC9BA-5B70-4B98-B115-1DE9A2B2F3C4}.Debug|x86.Build.0 = Debug|x86
		{E75AC9BA-5B70-4B98-B115-1DE9A2B2F3C4}.Debug|x86.Deploy.0 = Debug|x86
		{E75AC9BA-5B70-4B98-B115-1DE9A2B2F3C4}.Release|Any CPU.ActiveCfg = Release|x86
		{E75AC9BA-5B70-4B98-B115-1DE9A2B2F3C4}.Release|ARM.ActiveCfg = Release|ARM
		{E75AC9BA-5B70-4B98-B115-1DE9A2B2F3C4}.Release|ARM.Build.0 = Release|ARM
		{E75AC9BA-5B70-4B98-B115-1DE9A2B2F3C4}.Release|ARM.Deploy.0 = Release|ARM
		{E75AC9BA-5B70-4B98-B115-1DE9A2B2F3C4}.Release|iPhone.ActiveCfg = Release|x86
		{E75AC9BA-5B70-4B98-B115-1DE9A2B2F3C4}.Release|iPhoneSimulator.ActiveCfg = Release|x86
		{E75AC9BA-5B70-4B98-B115-1DE9A2B2F3C4}.Release|x64.ActiveCfg = Release|x64
		{E75AC9BA-5B70-4B98-B115-1DE9A2B2F3C4}.Release|x64.Build.0 = Release|x64
		{E75AC9BA-5B70-4B98-B115-1DE9A2B2F3C4}.Release|x64.Deploy.0 = Release|x64
		{E75AC9BA-5B70-4B98-B115-1DE9A2B2F3C4}.Release|x86.ActiveCfg = Release|x86
		{E75AC9BA-5B70-4B98-B115-1DE9A2B2F3C4}.Release|x86.Build.0 = Release|x86
		{E75AC9BA-5B70-4B98-B115-1DE9A2B2F3C4}.Release|x86.Deploy.0 = Release|x86
		{6179E276-1E86-4E22-B7EF-58B218D51A21}.Ad-Hoc|Any CPU.ActiveCfg = Debug|Any CPU
		{6179E276-1E86-4E22-B7EF-58B218D51A21}.Ad-Hoc|Any CPU.Build.0 = Debug|Any CPU
		{6179E276-1E86-4E22-B7EF-58B218D51A21}.Ad-Hoc|ARM.ActiveCfg = Debug|Any CPU
		{6179E276-1E86-4E22-B7EF-58B218D51A21}.Ad-Hoc|ARM.Build.0 = Debug|Any CPU
		{6179E276-1E86-4E22-B7EF-58B218D51A21}.Ad-Hoc|iPhone.ActiveCfg = Debug|Any CPU
		{6179E276-1E86-4E22-B7EF-58B218D51A21}.Ad-Hoc|iPhone.Build.0 = Debug|Any CPU
		{6179E276-1E86-4E22-B7EF-58B218D51A21}.Ad-Hoc|iPhoneSimulator.ActiveCfg = Debug|Any CPU
		{6179E276-1E86-4E22-B7EF-58B218D51A21}.Ad-Hoc|iPhoneSimulator.Build.0 = Debug|Any CPU
		{6179E276-1E86-4E22-B7EF-58B218D51A21}.Ad-Hoc|x64.ActiveCfg = Debug|Any CPU
		{6179E276-1E86-4E22-B7EF-58B218D51A21}.Ad-Hoc|x64.Build.0 = Debug|Any CPU
		{6179E276-1E86-4E22-B7EF-58B218D51A21}.Ad-Hoc|x86.ActiveCfg = Debug|Any CPU
		{6179E276-1E86-4E22-B7EF-58B218D51A21}.Ad-Hoc|x86.Build.0 = Debug|Any CPU
		{6179E276-1E86-4E22-B7EF-58B218D51A21}.AppStore|Any CPU.ActiveCfg = Debug|Any CPU
		{6179E276-1E86-4E22-B7EF-58B218D51A21}.AppStore|Any CPU.Build.0 = Debug|Any CPU
		{6179E276-1E86-4E22-B7EF-58B218D51A21}.AppStore|ARM.ActiveCfg = Debug|Any CPU
		{6179E276-1E86-4E22-B7EF-58B218D51A21}.AppStore|ARM.Build.0 = Debug|Any CPU
		{6179E276-1E86-4E22-B7EF-58B218D51A21}.AppStore|iPhone.ActiveCfg = Debug|Any CPU
		{6179E276-1E86-4E22-B7EF-58B218D51A21}.AppStore|iPhone.Build.0 = Debug|Any CPU
		{6179E276-1E86-4E22-B7EF-58B218D51A21}.AppStore|iPhoneSimulator.ActiveCfg = Debug|Any CPU
		{6179E276-1E86-4E22-B7EF-58B218D51A21}.AppStore|iPhoneSimulator.Build.0 = Debug|Any CPU
		{6179E276-1E86-4E22-B7EF-58B218D51A21}.AppStore|x64.ActiveCfg = Debug|Any CPU
		{6179E276-1E86-4E22-B7EF-58B218D51A21}.AppStore|x64.Build.0 = Debug|Any CPU
		{6179E276-1E86-4E22-B7EF-58B218D51A21}.AppStore|x86.ActiveCfg = Debug|Any CPU
		{6179E276-1E86-4E22-B7EF-58B218D51A21}.AppStore|x86.Build.0 = Debug|Any CPU
		{6179E276-1E86-4E22-B7EF-58B218D51A21}.Debug|Any CPU.ActiveCfg = Debug|Any CPU
		{6179E276-1E86-4E22-B7EF-58B218D51A21}.Debug|Any CPU.Build.0 = Debug|Any CPU
		{6179E276-1E86-4E22-B7EF-58B218D51A21}.Debug|ARM.ActiveCfg = Debug|Any CPU
		{6179E276-1E86-4E22-B7EF-58B218D51A21}.Debug|ARM.Build.0 = Debug|Any CPU
		{6179E276-1E86-4E22-B7EF-58B218D51A21}.Debug|iPhone.ActiveCfg = Debug|Any CPU
		{6179E276-1E86-4E22-B7EF-58B218D51A21}.Debug|iPhone.Build.0 = Debug|Any CPU
		{6179E276-1E86-4E22-B7EF-58B218D51A21}.Debug|iPhoneSimulator.ActiveCfg = Debug|Any CPU
		{6179E276-1E86-4E22-B7EF-58B218D51A21}.Debug|iPhoneSimulator.Build.0 = Debug|Any CPU
		{6179E276-1E86-4E22-B7EF-58B218D51A21}.Debug|x64.ActiveCfg = Debug|Any CPU
		{6179E276-1E86-4E22-B7EF-58B218D51A21}.Debug|x64.Build.0 = Debug|Any CPU
		{6179E276-1E86-4E22-B7EF-58B218D51A21}.Debug|x86.ActiveCfg = Debug|Any CPU
		{6179E276-1E86-4E22-B7EF-58B218D51A21}.Debug|x86.Build.0 = Debug|Any CPU
		{6179E276-1E86-4E22-B7EF-58B218D51A21}.Release|Any CPU.ActiveCfg = Release|Any CPU
		{6179E276-1E86-4E22-B7EF-58B218D51A21}.Release|Any CPU.Build.0 = Release|Any CPU
		{6179E276-1E86-4E22-B7EF-58B218D51A21}.Release|ARM.ActiveCfg = Release|Any CPU
		{6179E276-1E86-4E22-B7EF-58B218D51A21}.Release|ARM.Build.0 = Release|Any CPU
		{6179E276-1E86-4E22-B7EF-58B218D51A21}.Release|iPhone.ActiveCfg = Release|Any CPU
		{6179E276-1E86-4E22-B7EF-58B218D51A21}.Release|iPhone.Build.0 = Release|Any CPU
		{6179E276-1E86-4E22-B7EF-58B218D51A21}.Release|iPhoneSimulator.ActiveCfg = Release|Any CPU
		{6179E276-1E86-4E22-B7EF-58B218D51A21}.Release|iPhoneSimulator.Build.0 = Release|Any CPU
		{6179E276-1E86-4E22-B7EF-58B218D51A21}.Release|x64.ActiveCfg = Release|Any CPU
		{6179E276-1E86-4E22-B7EF-58B218D51A21}.Release|x64.Build.0 = Release|Any CPU
		{6179E276-1E86-4E22-B7EF-58B218D51A21}.Release|x86.ActiveCfg = Release|Any CPU
		{6179E276-1E86-4E22-B7EF-58B218D51A21}.Release|x86.Build.0 = Release|Any CPU
	EndGlobalSection
	GlobalSection(SolutionProperties) = preSolution
		HideSolutionNode = FALSE
	EndGlobalSection
	GlobalSection(ExtensibilityGlobals) = postSolution
		SolutionGuid = {9C1B622F-D651-4EB8-AD8A-EFF2776BB00B}
	EndGlobalSection
EndGlobal
