
Microsoft Visual Studio Solution File, Format Version 12.00
# Visual Studio 15
VisualStudioVersion = 15.0.27130.2036
MinimumVisualStudioVersion = 10.0.40219.1
Project("{FAE04EC0-301F-11D3-BF4B-00C04F79EFBC}") = "ListViews.Android", "ListViews\ListViews.Android\ListViews.Android.csproj", "{14C6DC8D-5337-4214-B2EC-4014663E005C}"
EndProject
Project("{FAE04EC0-301F-11D3-BF4B-00C04F79EFBC}") = "ListViews", "ListViews\ListViews\ListViews.csproj", "{5F91CCD8-CC7C-4AE1-ADAC-471C6DBBED08}"
EndProject
Global
	GlobalSection(SolutionConfigurationPlatforms) = preSolution
		Debug|Any CPU = Debug|Any CPU
		Release|Any CPU = Release|Any CPU
	EndGlobalSection
	GlobalSection(ProjectConfigurationPlatforms) = postSolution
		{14C6DC8D-5337-4214-B2EC-4014663E005C}.Debug|Any CPU.ActiveCfg = Debug|Any CPU
		{14C6DC8D-5337-4214-B2EC-4014663E005C}.Debug|Any CPU.Build.0 = Debug|Any CPU
		{14C6DC8D-5337-4214-B2EC-4014663E005C}.Debug|Any CPU.Deploy.0 = Debug|Any CPU
		{14C6DC8D-5337-4214-B2EC-4014663E005C}.Release|Any CPU.ActiveCfg = Release|Any CPU
		{14C6DC8D-5337-4214-B2EC-4014663E005C}.Release|Any CPU.Build.0 = Release|Any CPU
		{14C6DC8D-5337-4214-B2EC-4014663E005C}.Release|Any CPU.Deploy.0 = Release|Any CPU
		{5F91CCD8-CC7C-4AE1-ADAC-471C6DBBED08}.Debug|Any CPU.ActiveCfg = Debug|Any CPU
		{5F91CCD8-CC7C-4AE1-ADAC-471C6DBBED08}.Debug|Any CPU.Build.0 = Debug|Any CPU
		{5F91CCD8-CC7C-4AE1-ADAC-471C6DBBED08}.Release|Any CPU.ActiveCfg = Release|Any CPU
		{5F91CCD8-CC7C-4AE1-ADAC-471C6DBBED08}.Release|Any CPU.Build.0 = Release|Any CPU
	EndGlobalSection
	GlobalSection(SolutionProperties) = preSolution
		HideSolutionNode = FALSE
	EndGlobalSection
	GlobalSection(ExtensibilityGlobals) = postSolution
		SolutionGuid = {C5270F7E-72FC-4974-94B0-6D17C60166EF}
	EndGlobalSection
EndGlobal
